{
    "_meta": {
        "hash": {
            "sha256": "e572101c56ec1814a996300c625b5ea3a7e6343e1c9bc3e98c165d679747d5fe"
        },
        "pipfile-spec": 6,
        "requires": {
            "python_version": "3.9"
        },
        "sources": [
            {
                "name": "pypi",
                "url": "https://pypi.org/simple",
                "verify_ssl": true
            }
        ]
    },
    "default": {
        "certifi": {
            "hashes": [
                "sha256:1a4995114262bffbc2413b159f2a1a480c969de6e6eb13ee966d470af86af59c",
                "sha256:719a74fb9e33b9bd44cc7f3a8d94bc35e4049deebe19ba7d8e108280cfd59830"
            ],
            "version": "==2020.12.5"
        },
        "chardet": {
            "hashes": [
                "sha256:0d6f53a15db4120f2b08c94f11e7d93d2c911ee118b6b30a04ec3ee8310179fa",
                "sha256:f864054d66fd9118f2e67044ac8981a54775ec5b67aed0441892edb553d21da5"
            ],
            "markers": "python_version >= '2.7' and python_version not in '3.0, 3.1, 3.2, 3.3, 3.4'",
            "version": "==4.0.0"
        },
        "click": {
            "hashes": [
                "sha256:d2b5255c7c6349bc1bd1e59e08cd12acbbd63ce649f2588755783aa94dfb6b1a",
                "sha256:dacca89f4bfadd5de3d7489b7c8a566eee0d3676333fbb50030263894c38c0dc"
            ],
            "index": "pypi",
            "version": "==7.1.2"
        },
        "deprecated": {
            "hashes": [
                "sha256:525ba66fb5f90b07169fdd48b6373c18f1ee12728ca277ca44567a367d9d7f74",
                "sha256:a766c1dccb30c5f6eb2b203f87edd1d8588847709c78589e1521d769addc8218"
            ],
            "markers": "python_version >= '2.7' and python_version not in '3.0, 3.1, 3.2, 3.3'",
            "version": "==1.2.10"
        },
        "dulwich": {
            "hashes": [
                "sha256:0eb7818b633599ad30d148fe54fcdcaae3e21fefdc835ecefbf83a5e54b40e6c",
                "sha256:17dd011ddd1cff8f0e80a9bb8a28442cc071dec0fbefc8202dbde8b1db3f4d4d",
                "sha256:18c96c3fc544a5c8f8bc7c0bfe697d82f68693ffee00f0c0e7ecf4aefc75736b",
                "sha256:22ef7832678af5c34ae2bb0cf26645f51becce104b85c960d26cc446fbd6f137",
                "sha256:55613b1cecf0103835d05a04644ce0868630a6d5ba2ac83f847ce407798a7cb8",
                "sha256:615e3fab089273ade8ef8377e2b469f45f1d09c948782e47f386cbf95d663e29",
                "sha256:63874b54a56871ab69c34d7c3f8f5e2af3949cb47dd491fcc473a6fd25d31f72",
                "sha256:6eaa7b6dd07df31759cee06ba30489c421cd0ff993099223a7c7b89f191d8d32",
                "sha256:8f49475bdfcab263586f61ac485f1d9e83e0d56de4173bae8f06f3da32620c71",
                "sha256:b0e852cd0f74209147cbcf6b58efc32c96297b4942bea3c669a7221133bc25d0",
                "sha256:c9eeff547e09c90c4aadc12dc99bac7cfb962def728b9fc012cfd58a3129dad0",
                "sha256:d8088a41d6fe6f8871abd1a8ad5fa7a7cadb9c1b7455d397c9a54cc10b04d825",
                "sha256:e0c5c863eaed3825473646ae9ec7d5847dacbb06bb11abcfadb488ac93a15b4c",
                "sha256:ec6e7ffc5ff387d4173397619308939504736767454e29b02847ea0f801890b6",
                "sha256:fb1773373ec2af896031f8312af6962a1b8b0176a2de3fb3d84a84ec04498888",
                "sha256:fea0dbd77e5123b81b76582713151bee3ca78f1706026895bfc4040ae1e88894",
                "sha256:feb2a10771710d05eff0f0b89979a0b688d7dff8ab1f0dd3a2b7b1147691bb9f"
            ],
            "index": "pypi",
            "version": "==0.20.15"
        },
        "gpg": {
            "hashes": [
                "sha256:349214a866c84aa548bc35ed14eccd2ec9085b3958d5753a63a19a71a1f523ca"
            ],
            "index": "pypi",
            "version": "==1.10.0"
        },
        "idna": {
            "hashes": [
                "sha256:b307872f855b18632ce0c21c5e45be78c0ea7ae4c15c828c20788b26921eb3f6",
                "sha256:b97d804b1e9b523befed77c48dacec60e6dcb0b5391d57af6a65a312a90648c0"
            ],
            "markers": "python_version >= '2.7' and python_version not in '3.0, 3.1, 3.2, 3.3'",
            "version": "==2.10"
        },
        "pygithub": {
            "hashes": [
                "sha256:300bc16e62886ca6537b0830e8f516ea4bc3ef12d308e0c5aff8bdbd099173d4",
                "sha256:87afd6a67ea582aa7533afdbf41635725f13d12581faed7e3e04b1579c0c0627"
            ],
            "index": "pypi",
            "version": "==1.54.1"
        },
        "pyjwt": {
            "hashes": [
                "sha256:5c6eca3c2940464d106b99ba83b00c6add741c9becaec087fb7ccdefea71350e",
                "sha256:8d59a976fb773f3e6a39c85636357c4f0e242707394cadadd9814f5cbaa20e96"
            ],
            "version": "==1.7.1"
        },
        "requests": {
            "hashes": [
                "sha256:27973dd4a904a4f13b263a19c866c13b92a39ed1c964655f025f3f8d3d75b804",
                "sha256:c210084e36a42ae6b9219e00e48287def368a26d03a048ddad7bfee44f75871e"
            ],
            "markers": "python_version >= '2.7' and python_version not in '3.0, 3.1, 3.2, 3.3, 3.4'",
            "version": "==2.25.1"
        },
        "semver": {
            "hashes": [
                "sha256:ced8b23dceb22134307c1b8abfa523da14198793d9787ac838e70e29e77458d4",
                "sha256:fa0fe2722ee1c3f57eac478820c3a5ae2f624af8264cbdf9000c980ff7f75e3f"
            ],
            "index": "pypi",
            "version": "==2.13.0"
        },
        "sh": {
            "hashes": [
                "sha256:39aa9af22f6558a0c5d132881cf43e34828ca03e4ae11114852ca6a55c7c1d8e",
                "sha256:75e86a836f47de095d4531718fe8489e6f7446c75ddfa5596f632727b919ffae"
            ],
            "index": "pypi",
            "version": "==1.14.1"
        },
        "toml": {
            "hashes": [
                "sha256:806143ae5bfb6a3c6e736a764057db0e6a0e05e338b5630894a5f779cabb4f9b",
                "sha256:b3bda1d108d5dd99f4a20d24d9c348e91c4db7ab1b749200bded2f839ccbe68f"
            ],
            "index": "pypi",
            "version": "==0.10.2"
        },
        "urllib3": {
            "hashes": [
                "sha256:19188f96923873c92ccb987120ec4acaa12f0461fa9ce5d3d0772bc965a39e08",
                "sha256:d8ff90d979214d7b4f8ce956e80f4028fc6860e4431f731ea4a8c08f23f99473"
            ],
            "markers": "python_version >= '2.7' and python_version not in '3.0, 3.1, 3.2, 3.3, 3.4' and python_version < '4'",
            "version": "==1.26.2"
        },
        "wrapt": {
            "hashes": [
                "sha256:b62ffa81fb85f4332a4f609cab4ac40709470da05643a082ec1eb88e6d9b97d7"
            ],
            "version": "==1.12.1"
        }
    },
    "develop": {}
}
